
Microsoft Visual Studio Solution File, Format Version 12.00
# Visual Studio Version 16
VisualStudioVersion = 16.0.28822.285
MinimumVisualStudioVersion = 15.0.26124.0
Project("{9A19103F-16F7-4668-BE54-9A1E7A4F7556}") = "SomeActorSystem", "SomeActorSystem\SomeActorSystem.csproj", "{CC48CEED-8301-4F6F-A8D1-5B17BAF041C6}"
EndProject
Project("{9A19103F-16F7-4668-BE54-9A1E7A4F7556}") = "dotnet-akkadiagram", "dotnet-akkadiagram\dotnet-akkadiagram.csproj", "{B5EE328B-CA94-44AB-96FB-B5A5BACF5B9E}"
EndProject
Global
	GlobalSection(SolutionConfigurationPlatforms) = preSolution
		Debug Create Tool|Any CPU = Debug Create Tool|Any CPU
		Debug Create Tool|x64 = Debug Create Tool|x64
		Debug Create Tool|x86 = Debug Create Tool|x86
		Debug|Any CPU = Debug|Any CPU
		Debug|x64 = Debug|x64
		Debug|x86 = Debug|x86
		Release|Any CPU = Release|Any CPU
		Release|x64 = Release|x64
		Release|x86 = Release|x86
	EndGlobalSection
	GlobalSection(ProjectConfigurationPlatforms) = postSolution
		{CC48CEED-8301-4F6F-A8D1-5B17BAF041C6}.Debug Create Tool|Any CPU.ActiveCfg = Debug Create Tool|Any CPU
		{CC48CEED-8301-4F6F-A8D1-5B17BAF041C6}.Debug Create Tool|Any CPU.Build.0 = Debug Create Tool|Any CPU
		{CC48CEED-8301-4F6F-A8D1-5B17BAF041C6}.Debug Create Tool|x64.ActiveCfg = Debug Create Tool|Any CPU
		{CC48CEED-8301-4F6F-A8D1-5B17BAF041C6}.Debug Create Tool|x64.Build.0 = Debug Create Tool|Any CPU
		{CC48CEED-8301-4F6F-A8D1-5B17BAF041C6}.Debug Create Tool|x86.ActiveCfg = Debug Create Tool|Any CPU
		{CC48CEED-8301-4F6F-A8D1-5B17BAF041C6}.Debug Create Tool|x86.Build.0 = Debug Create Tool|Any CPU
		{CC48CEED-8301-4F6F-A8D1-5B17BAF041C6}.Debug|Any CPU.ActiveCfg = Debug|Any CPU
		{CC48CEED-8301-4F6F-A8D1-5B17BAF041C6}.Debug|Any CPU.Build.0 = Debug|Any CPU
		{CC48CEED-8301-4F6F-A8D1-5B17BAF041C6}.Debug|x64.ActiveCfg = Debug|Any CPU
		{CC48CEED-8301-4F6F-A8D1-5B17BAF041C6}.Debug|x64.Build.0 = Debug|Any CPU
		{CC48CEED-8301-4F6F-A8D1-5B17BAF041C6}.Debug|x86.ActiveCfg = Debug|Any CPU
		{CC48CEED-8301-4F6F-A8D1-5B17BAF041C6}.Debug|x86.Build.0 = Debug|Any CPU
		{CC48CEED-8301-4F6F-A8D1-5B17BAF041C6}.Release|Any CPU.ActiveCfg = Release|Any CPU
		{CC48CEED-8301-4F6F-A8D1-5B17BAF041C6}.Release|Any CPU.Build.0 = Release|Any CPU
		{CC48CEED-8301-4F6F-A8D1-5B17BAF041C6}.Release|x64.ActiveCfg = Release|Any CPU
		{CC48CEED-8301-4F6F-A8D1-5B17BAF041C6}.Release|x64.Build.0 = Release|Any CPU
		{CC48CEED-8301-4F6F-A8D1-5B17BAF041C6}.Release|x86.ActiveCfg = Release|Any CPU
		{CC48CEED-8301-4F6F-A8D1-5B17BAF041C6}.Release|x86.Build.0 = Release|Any CPU
		{B5EE328B-CA94-44AB-96FB-B5A5BACF5B9E}.Debug Create Tool|Any CPU.ActiveCfg = Debug Create Tool|Any CPU
		{B5EE328B-CA94-44AB-96FB-B5A5BACF5B9E}.Debug Create Tool|Any CPU.Build.0 = Debug Create Tool|Any CPU
		{B5EE328B-CA94-44AB-96FB-B5A5BACF5B9E}.Debug Create Tool|x64.ActiveCfg = Debug Create Tool|Any CPU
		{B5EE328B-CA94-44AB-96FB-B5A5BACF5B9E}.Debug Create Tool|x64.Build.0 = Debug Create Tool|Any CPU
		{B5EE328B-CA94-44AB-96FB-B5A5BACF5B9E}.Debug Create Tool|x86.ActiveCfg = Debug Create Tool|Any CPU
		{B5EE328B-CA94-44AB-96FB-B5A5BACF5B9E}.Debug Create Tool|x86.Build.0 = Debug Create Tool|Any CPU
		{B5EE328B-CA94-44AB-96FB-B5A5BACF5B9E}.Debug|Any CPU.ActiveCfg = Debug|Any CPU
		{B5EE328B-CA94-44AB-96FB-B5A5BACF5B9E}.Debug|Any CPU.Build.0 = Debug|Any CPU
		{B5EE328B-CA94-44AB-96FB-B5A5BACF5B9E}.Debug|x64.ActiveCfg = Debug|Any CPU
		{B5EE328B-CA94-44AB-96FB-B5A5BACF5B9E}.Debug|x64.Build.0 = Debug|Any CPU
		{B5EE328B-CA94-44AB-96FB-B5A5BACF5B9E}.Debug|x86.ActiveCfg = Debug|Any CPU
		{B5EE328B-CA94-44AB-96FB-B5A5BACF5B9E}.Debug|x86.Build.0 = Debug|Any CPU
		{B5EE328B-CA94-44AB-96FB-B5A5BACF5B9E}.Release|Any CPU.ActiveCfg = Release|Any CPU
		{B5EE328B-CA94-44AB-96FB-B5A5BACF5B9E}.Release|Any CPU.Build.0 = Release|Any CPU
		{B5EE328B-CA94-44AB-96FB-B5A5BACF5B9E}.Release|x64.ActiveCfg = Release|Any CPU
		{B5EE328B-CA94-44AB-96FB-B5A5BACF5B9E}.Release|x64.Build.0 = Release|Any CPU
		{B5EE328B-CA94-44AB-96FB-B5A5BACF5B9E}.Release|x86.ActiveCfg = Release|Any CPU
		{B5EE328B-CA94-44AB-96FB-B5A5BACF5B9E}.Release|x86.Build.0 = Release|Any CPU
	EndGlobalSection
	GlobalSection(SolutionProperties) = preSolution
		HideSolutionNode = FALSE
	EndGlobalSection
	GlobalSection(ExtensibilityGlobals) = postSolution
		SolutionGuid = {3BA7DCD6-9B86-4F0D-A864-6E283CDDDD10}
	EndGlobalSection
EndGlobal
